
Microsoft Visual Studio Solution File, Format Version 12.00
# Visual Studio Version 16
VisualStudioVersion = 16.0.29709.97
MinimumVisualStudioVersion = 10.0.40219.1
Project("{FAE04EC0-301F-11D3-BF4B-00C04F79EFBC}") = "Shapes", "Interfaces and Abstraction - Lab\Shapes.csproj", "{1A012093-B6B5-4BB3-B700-C3C338DB02F9}"
EndProject
Project("{FAE04EC0-301F-11D3-BF4B-00C04F79EFBC}") = "Cars", "Cars\Cars.csproj", "{FFE64CCE-F5BF-4731-B4B2-B2921C5F46B4}"
EndProject
Global
	GlobalSection(SolutionConfigurationPlatforms) = preSolution
		Debug|Any CPU = Debug|Any CPU
		Release|Any CPU = Release|Any CPU
	EndGlobalSection
	GlobalSection(ProjectConfigurationPlatforms) = postSolution
		{1A012093-B6B5-4BB3-B700-C3C338DB02F9}.Debug|Any CPU.ActiveCfg = Debug|Any CPU
		{1A012093-B6B5-4BB3-B700-C3C338DB02F9}.Debug|Any CPU.Build.0 = Debug|Any CPU
		{1A012093-B6B5-4BB3-B700-C3C338DB02F9}.Release|Any CPU.ActiveCfg = Release|Any CPU
		{1A012093-B6B5-4BB3-B700-C3C338DB02F9}.Release|Any CPU.Build.0 = Release|Any CPU
		{FFE64CCE-F5BF-4731-B4B2-B2921C5F46B4}.Debug|Any CPU.ActiveCfg = Debug|Any CPU
		{FFE64CCE-F5BF-4731-B4B2-B2921C5F46B4}.Debug|Any CPU.Build.0 = Debug|Any CPU
		{FFE64CCE-F5BF-4731-B4B2-B2921C5F46B4}.Release|Any CPU.ActiveCfg = Release|Any CPU
		{FFE64CCE-F5BF-4731-B4B2-B2921C5F46B4}.Release|Any CPU.Build.0 = Release|Any CPU
	EndGlobalSection
	GlobalSection(SolutionProperties) = preSolution
		HideSolutionNode = FALSE
	EndGlobalSection
	GlobalSection(ExtensibilityGlobals) = postSolution
		SolutionGuid = {FF474C74-32C0-4692-8692-CD9DEF72551D}
	EndGlobalSection
EndGlobal
