
Microsoft Visual Studio Solution File, Format Version 12.00
# Visual Studio Version 16
VisualStudioVersion = 16.0.29709.97
MinimumVisualStudioVersion = 10.0.40219.1
Project("{FAE04EC0-301F-11D3-BF4B-00C04F79EFBC}") = "Stealer", "Stealer\Stealer.csproj", "{9F8C0DF0-1783-4CBA-8496-A983976BAC41}"
EndProject
Project("{FAE04EC0-301F-11D3-BF4B-00C04F79EFBC}") = "AuthorProblem", "AuthorProblem\AuthorProblem.csproj", "{2CEBBC28-2AF5-4B5F-A089-753F35762565}"
EndProject
Global
	GlobalSection(SolutionConfigurationPlatforms) = preSolution
		Debug|Any CPU = Debug|Any CPU
		Release|Any CPU = Release|Any CPU
	EndGlobalSection
	GlobalSection(ProjectConfigurationPlatforms) = postSolution
		{9F8C0DF0-1783-4CBA-8496-A983976BAC41}.Debug|Any CPU.ActiveCfg = Debug|Any CPU
		{9F8C0DF0-1783-4CBA-8496-A983976BAC41}.Debug|Any CPU.Build.0 = Debug|Any CPU
		{9F8C0DF0-1783-4CBA-8496-A983976BAC41}.Release|Any CPU.ActiveCfg = Release|Any CPU
		{9F8C0DF0-1783-4CBA-8496-A983976BAC41}.Release|Any CPU.Build.0 = Release|Any CPU
		{2CEBBC28-2AF5-4B5F-A089-753F35762565}.Debug|Any CPU.ActiveCfg = Debug|Any CPU
		{2CEBBC28-2AF5-4B5F-A089-753F35762565}.Debug|Any CPU.Build.0 = Debug|Any CPU
		{2CEBBC28-2AF5-4B5F-A089-753F35762565}.Release|Any CPU.ActiveCfg = Release|Any CPU
		{2CEBBC28-2AF5-4B5F-A089-753F35762565}.Release|Any CPU.Build.0 = Release|Any CPU
	EndGlobalSection
	GlobalSection(SolutionProperties) = preSolution
		HideSolutionNode = FALSE
	EndGlobalSection
	GlobalSection(ExtensibilityGlobals) = postSolution
		SolutionGuid = {41CBA6C7-B730-4EA6-84B9-AE5F3B5EE705}
	EndGlobalSection
EndGlobal
